
Microsoft Visual Studio Solution File, Format Version 12.00
# Visual Studio Version 17
VisualStudioVersion = 17.0.31903.59
MinimumVisualStudioVersion = 10.0.40219.1
Project("{2150E333-8FDC-42A3-9474-1A3956D46DE8}") = "src", "src", "{827E0CD3-B72D-47B6-A68D-7590B98EB39B}"
EndProject
Project("{FAE04EC0-301F-11D3-BF4B-00C04F79EFBC}") = "Plan2Space.API", "src\Plan2Space.API\Plan2Space.API.csproj", "{44C7B2DC-8C3B-4209-A244-84C8C08C6D20}"
EndProject
Project("{FAE04EC0-301F-11D3-BF4B-00C04F79EFBC}") = "Plan2Space.Application", "src\Plan2Space.Application\Plan2Space.Application.csproj", "{4B4C1905-96B7-4DD6-9592-45228043D260}"
EndProject
Project("{FAE04EC0-301F-11D3-BF4B-00C04F79EFBC}") = "Plan2Space.Domain", "src\Plan2Space.Domain\Plan2Space.Domain.csproj", "{2DFFF6D9-C7B6-421F-80AB-A5904CC5DB58}"
EndProject
Project("{FAE04EC0-301F-11D3-BF4B-00C04F79EFBC}") = "Plan2Space.Infrastructure", "src\Plan2Space.Infrastructure\Plan2Space.Infrastructure.csproj", "{563B0E4A-2567-4CAD-869A-99BB0C232C97}"
EndProject
Project("{FAE04EC0-301F-11D3-BF4B-00C04F79EFBC}") = "Plan2Space.Application.Tests", "tests\Plan2Space.Application.Tests\Plan2Space.Application.Tests.csproj", "{B67F027D-5F0C-4778-BBA7-DF8C9CDB1C3B}"
EndProject
Project("{2150E333-8FDC-42A3-9474-1A3956D46DE8}") = "tests", "tests", "{0AB3BF05-4346-4AA6-1389-037BE0695223}"
EndProject
Project("{FAE04EC0-301F-11D3-BF4B-00C04F79EFBC}") = "Plan2Space.API.IntegrationTests", "tests\Plan2Space.API.IntegrationTests\Plan2Space.API.IntegrationTests.csproj", "{A865B125-307E-4C3E-9356-B846649AA44F}"
EndProject
Global
	GlobalSection(SolutionConfigurationPlatforms) = preSolution
		Debug|Any CPU = Debug|Any CPU
		Debug|x64 = Debug|x64
		Debug|x86 = Debug|x86
		Release|Any CPU = Release|Any CPU
		Release|x64 = Release|x64
		Release|x86 = Release|x86
	EndGlobalSection
	GlobalSection(ProjectConfigurationPlatforms) = postSolution
		{44C7B2DC-8C3B-4209-A244-84C8C08C6D20}.Debug|Any CPU.ActiveCfg = Debug|Any CPU
		{44C7B2DC-8C3B-4209-A244-84C8C08C6D20}.Debug|Any CPU.Build.0 = Debug|Any CPU
		{44C7B2DC-8C3B-4209-A244-84C8C08C6D20}.Debug|x64.ActiveCfg = Debug|Any CPU
		{44C7B2DC-8C3B-4209-A244-84C8C08C6D20}.Debug|x64.Build.0 = Debug|Any CPU
		{44C7B2DC-8C3B-4209-A244-84C8C08C6D20}.Debug|x86.ActiveCfg = Debug|Any CPU
		{44C7B2DC-8C3B-4209-A244-84C8C08C6D20}.Debug|x86.Build.0 = Debug|Any CPU
		{44C7B2DC-8C3B-4209-A244-84C8C08C6D20}.Release|Any CPU.ActiveCfg = Release|Any CPU
		{44C7B2DC-8C3B-4209-A244-84C8C08C6D20}.Release|Any CPU.Build.0 = Release|Any CPU
		{44C7B2DC-8C3B-4209-A244-84C8C08C6D20}.Release|x64.ActiveCfg = Release|Any CPU
		{44C7B2DC-8C3B-4209-A244-84C8C08C6D20}.Release|x64.Build.0 = Release|Any CPU
		{44C7B2DC-8C3B-4209-A244-84C8C08C6D20}.Release|x86.ActiveCfg = Release|Any CPU
		{44C7B2DC-8C3B-4209-A244-84C8C08C6D20}.Release|x86.Build.0 = Release|Any CPU
		{4B4C1905-96B7-4DD6-9592-45228043D260}.Debug|Any CPU.ActiveCfg = Debug|Any CPU
		{4B4C1905-96B7-4DD6-9592-45228043D260}.Debug|Any CPU.Build.0 = Debug|Any CPU
		{4B4C1905-96B7-4DD6-9592-45228043D260}.Debug|x64.ActiveCfg = Debug|Any CPU
		{4B4C1905-96B7-4DD6-9592-45228043D260}.Debug|x64.Build.0 = Debug|Any CPU
		{4B4C1905-96B7-4DD6-9592-45228043D260}.Debug|x86.ActiveCfg = Debug|Any CPU
		{4B4C1905-96B7-4DD6-9592-45228043D260}.Debug|x86.Build.0 = Debug|Any CPU
		{4B4C1905-96B7-4DD6-9592-45228043D260}.Release|Any CPU.ActiveCfg = Release|Any CPU
		{4B4C1905-96B7-4DD6-9592-45228043D260}.Release|Any CPU.Build.0 = Release|Any CPU
		{4B4C1905-96B7-4DD6-9592-45228043D260}.Release|x64.ActiveCfg = Release|Any CPU
		{4B4C1905-96B7-4DD6-9592-45228043D260}.Release|x64.Build.0 = Release|Any CPU
		{4B4C1905-96B7-4DD6-9592-45228043D260}.Release|x86.ActiveCfg = Release|Any CPU
		{4B4C1905-96B7-4DD6-9592-45228043D260}.Release|x86.Build.0 = Release|Any CPU
		{2DFFF6D9-C7B6-421F-80AB-A5904CC5DB58}.Debug|Any CPU.ActiveCfg = Debug|Any CPU
		{2DFFF6D9-C7B6-421F-80AB-A5904CC5DB58}.Debug|Any CPU.Build.0 = Debug|Any CPU
		{2DFFF6D9-C7B6-421F-80AB-A5904CC5DB58}.Debug|x64.ActiveCfg = Debug|Any CPU
		{2DFFF6D9-C7B6-421F-80AB-A5904CC5DB58}.Debug|x64.Build.0 = Debug|Any CPU
		{2DFFF6D9-C7B6-421F-80AB-A5904CC5DB58}.Debug|x86.ActiveCfg = Debug|Any CPU
		{2DFFF6D9-C7B6-421F-80AB-A5904CC5DB58}.Debug|x86.Build.0 = Debug|Any CPU
		{2DFFF6D9-C7B6-421F-80AB-A5904CC5DB58}.Release|Any CPU.ActiveCfg = Release|Any CPU
		{2DFFF6D9-C7B6-421F-80AB-A5904CC5DB58}.Release|Any CPU.Build.0 = Release|Any CPU
		{2DFFF6D9-C7B6-421F-80AB-A5904CC5DB58}.Release|x64.ActiveCfg = Release|Any CPU
		{2DFFF6D9-C7B6-421F-80AB-A5904CC5DB58}.Release|x64.Build.0 = Release|Any CPU
		{2DFFF6D9-C7B6-421F-80AB-A5904CC5DB58}.Release|x86.ActiveCfg = Release|Any CPU
		{2DFFF6D9-C7B6-421F-80AB-A5904CC5DB58}.Release|x86.Build.0 = Release|Any CPU
		{563B0E4A-2567-4CAD-869A-99BB0C232C97}.Debug|Any CPU.ActiveCfg = Debug|Any CPU
		{563B0E4A-2567-4CAD-869A-99BB0C232C97}.Debug|Any CPU.Build.0 = Debug|Any CPU
		{563B0E4A-2567-4CAD-869A-99BB0C232C97}.Debug|x64.ActiveCfg = Debug|Any CPU
		{563B0E4A-2567-4CAD-869A-99BB0C232C97}.Debug|x64.Build.0 = Debug|Any CPU
		{563B0E4A-2567-4CAD-869A-99BB0C232C97}.Debug|x86.ActiveCfg = Debug|Any CPU
		{563B0E4A-2567-4CAD-869A-99BB0C232C97}.Debug|x86.Build.0 = Debug|Any CPU
		{563B0E4A-2567-4CAD-869A-99BB0C232C97}.Release|Any CPU.ActiveCfg = Release|Any CPU
		{563B0E4A-2567-4CAD-869A-99BB0C232C97}.Release|Any CPU.Build.0 = Release|Any CPU
		{563B0E4A-2567-4CAD-869A-99BB0C232C97}.Release|x64.ActiveCfg = Release|Any CPU
		{563B0E4A-2567-4CAD-869A-99BB0C232C97}.Release|x64.Build.0 = Release|Any CPU
		{563B0E4A-2567-4CAD-869A-99BB0C232C97}.Release|x86.ActiveCfg = Release|Any CPU
		{563B0E4A-2567-4CAD-869A-99BB0C232C97}.Release|x86.Build.0 = Release|Any CPU
		{B67F027D-5F0C-4778-BBA7-DF8C9CDB1C3B}.Debug|Any CPU.ActiveCfg = Debug|Any CPU
		{B67F027D-5F0C-4778-BBA7-DF8C9CDB1C3B}.Debug|Any CPU.Build.0 = Debug|Any CPU
		{B67F027D-5F0C-4778-BBA7-DF8C9CDB1C3B}.Debug|x64.ActiveCfg = Debug|Any CPU
		{B67F027D-5F0C-4778-BBA7-DF8C9CDB1C3B}.Debug|x64.Build.0 = Debug|Any CPU
		{B67F027D-5F0C-4778-BBA7-DF8C9CDB1C3B}.Debug|x86.ActiveCfg = Debug|Any CPU
		{B67F027D-5F0C-4778-BBA7-DF8C9CDB1C3B}.Debug|x86.Build.0 = Debug|Any CPU
		{B67F027D-5F0C-4778-BBA7-DF8C9CDB1C3B}.Release|Any CPU.ActiveCfg = Release|Any CPU
		{B67F027D-5F0C-4778-BBA7-DF8C9CDB1C3B}.Release|Any CPU.Build.0 = Release|Any CPU
		{B67F027D-5F0C-4778-BBA7-DF8C9CDB1C3B}.Release|x64.ActiveCfg = Release|Any CPU
		{B67F027D-5F0C-4778-BBA7-DF8C9CDB1C3B}.Release|x64.Build.0 = Release|Any CPU
		{B67F027D-5F0C-4778-BBA7-DF8C9CDB1C3B}.Release|x86.ActiveCfg = Release|Any CPU
		{B67F027D-5F0C-4778-BBA7-DF8C9CDB1C3B}.Release|x86.Build.0 = Release|Any CPU
		{A865B125-307E-4C3E-9356-B846649AA44F}.Debug|Any CPU.ActiveCfg = Debug|Any CPU
		{A865B125-307E-4C3E-9356-B846649AA44F}.Debug|Any CPU.Build.0 = Debug|Any CPU
		{A865B125-307E-4C3E-9356-B846649AA44F}.Debug|x64.ActiveCfg = Debug|Any CPU
		{A865B125-307E-4C3E-9356-B846649AA44F}.Debug|x64.Build.0 = Debug|Any CPU
		{A865B125-307E-4C3E-9356-B846649AA44F}.Debug|x86.ActiveCfg = Debug|Any CPU
		{A865B125-307E-4C3E-9356-B846649AA44F}.Debug|x86.Build.0 = Debug|Any CPU
		{A865B125-307E-4C3E-9356-B846649AA44F}.Release|Any CPU.ActiveCfg = Release|Any CPU
		{A865B125-307E-4C3E-9356-B846649AA44F}.Release|Any CPU.Build.0 = Release|Any CPU
		{A865B125-307E-4C3E-9356-B846649AA44F}.Release|x64.ActiveCfg = Release|Any CPU
		{A865B125-307E-4C3E-9356-B846649AA44F}.Release|x64.Build.0 = Release|Any CPU
		{A865B125-307E-4C3E-9356-B846649AA44F}.Release|x86.ActiveCfg = Release|Any CPU
		{A865B125-307E-4C3E-9356-B846649AA44F}.Release|x86.Build.0 = Release|Any CPU
	EndGlobalSection
	GlobalSection(SolutionProperties) = preSolution
		HideSolutionNode = FALSE
	EndGlobalSection
	GlobalSection(NestedProjects) = preSolution
		{44C7B2DC-8C3B-4209-A244-84C8C08C6D20} = {827E0CD3-B72D-47B6-A68D-7590B98EB39B}
		{4B4C1905-96B7-4DD6-9592-45228043D260} = {827E0CD3-B72D-47B6-A68D-7590B98EB39B}
		{2DFFF6D9-C7B6-421F-80AB-A5904CC5DB58} = {827E0CD3-B72D-47B6-A68D-7590B98EB39B}
		{563B0E4A-2567-4CAD-869A-99BB0C232C97} = {827E0CD3-B72D-47B6-A68D-7590B98EB39B}
		{B67F027D-5F0C-4778-BBA7-DF8C9CDB1C3B} = {827E0CD3-B72D-47B6-A68D-7590B98EB39B}
		{A865B125-307E-4C3E-9356-B846649AA44F} = {0AB3BF05-4346-4AA6-1389-037BE0695223}
	EndGlobalSection
EndGlobal
